
Microsoft Visual Studio Solution File, Format Version 12.00
# Visual Studio 15
VisualStudioVersion = 15.0.27004.2006
MinimumVisualStudioVersion = 10.0.40219.1
Project("{FAE04EC0-301F-11D3-BF4B-00C04F79EFBC}") = "EF101", "EF101\EF101.csproj", "{893A0BA6-CECB-4EF4-8F6F-F39EB67FC344}"
EndProject
Project("{2150E333-8FDC-42A3-9474-1A3956D46DE8}") = "SolutionFiles", "SolutionFiles", "{EA2ED13C-963B-47C7-BA1F-31169A28424C}"
	ProjectSection(SolutionItems) = preProject
		.gitignore = .gitignore
		LICENSE = LICENSE
		README.md = README.md
	EndProjectSection
EndProject
Project("{FAE04EC0-301F-11D3-BF4B-00C04F79EFBC}") = "EF101.Model", "EF101.Model\EF101.Model.csproj", "{D4BDD102-F07D-4E5A-AD3A-C8B3D9640F96}"
EndProject
Project("{FAE04EC0-301F-11D3-BF4B-00C04F79EFBC}") = "EF101.DAL", "EF101.DAL\EF101.DAL.csproj", "{668C3CAF-39A4-4C54-9384-5B603D36032D}"
EndProject
Global
	GlobalSection(SolutionConfigurationPlatforms) = preSolution
		Debug|Any CPU = Debug|Any CPU
		Release|Any CPU = Release|Any CPU
	EndGlobalSection
	GlobalSection(ProjectConfigurationPlatforms) = postSolution
		{893A0BA6-CECB-4EF4-8F6F-F39EB67FC344}.Debug|Any CPU.ActiveCfg = Debug|Any CPU
		{893A0BA6-CECB-4EF4-8F6F-F39EB67FC344}.Debug|Any CPU.Build.0 = Debug|Any CPU
		{893A0BA6-CECB-4EF4-8F6F-F39EB67FC344}.Release|Any CPU.ActiveCfg = Release|Any CPU
		{893A0BA6-CECB-4EF4-8F6F-F39EB67FC344}.Release|Any CPU.Build.0 = Release|Any CPU
		{D4BDD102-F07D-4E5A-AD3A-C8B3D9640F96}.Debug|Any CPU.ActiveCfg = Debug|Any CPU
		{D4BDD102-F07D-4E5A-AD3A-C8B3D9640F96}.Debug|Any CPU.Build.0 = Debug|Any CPU
		{D4BDD102-F07D-4E5A-AD3A-C8B3D9640F96}.Release|Any CPU.ActiveCfg = Release|Any CPU
		{D4BDD102-F07D-4E5A-AD3A-C8B3D9640F96}.Release|Any CPU.Build.0 = Release|Any CPU
		{668C3CAF-39A4-4C54-9384-5B603D36032D}.Debug|Any CPU.ActiveCfg = Debug|Any CPU
		{668C3CAF-39A4-4C54-9384-5B603D36032D}.Debug|Any CPU.Build.0 = Debug|Any CPU
		{668C3CAF-39A4-4C54-9384-5B603D36032D}.Release|Any CPU.ActiveCfg = Release|Any CPU
		{668C3CAF-39A4-4C54-9384-5B603D36032D}.Release|Any CPU.Build.0 = Release|Any CPU
	EndGlobalSection
	GlobalSection(SolutionProperties) = preSolution
		HideSolutionNode = FALSE
	EndGlobalSection
	GlobalSection(ExtensibilityGlobals) = postSolution
		SolutionGuid = {9DC01F9E-0CEC-444C-A4EE-11764DE86D76}
	EndGlobalSection
EndGlobal
